
Microsoft Visual Studio Solution File, Format Version 12.00
Project("{FAE04EC0-301F-11D3-BF4B-00C04F79EFBC}") = "SipSavy.Web", "SipSavy.Web\SipSavy.Web.csproj", "{8690BA4D-3F9A-4B54-87B6-84CEFEF4ABBA}"
EndProject
Project("{FAE04EC0-301F-11D3-BF4B-00C04F79EFBC}") = "SipSavy.AppHost", "SipSavy.AppHost\SipSavy.AppHost.csproj", "{B203A13C-68A4-4837-8F59-10A991956DAC}"
EndProject
Project("{FAE04EC0-301F-11D3-BF4B-00C04F79EFBC}") = "SipSavy.ServiceDefaults", "SipSavy.ServiceDefaults\SipSavy.ServiceDefaults.csproj", "{5246C59D-05A7-4F7D-9765-28F0BAE04D1E}"
EndProject
Project("{FAE04EC0-301F-11D3-BF4B-00C04F79EFBC}") = "SipSavy.Data", "SipSavy.Data\SipSavy.Data.csproj", "{A3BA0DD8-7171-4387-94BD-101672E36C4D}"
EndProject
Project("{2150E333-8FDC-42A3-9474-1A3956D46DE8}") = "Orchestration", "Orchestration", "{31C08712-22C9-4C8A-A93A-B0BDBF883D23}"
EndProject
Project("{FAE04EC0-301F-11D3-BF4B-00C04F79EFBC}") = "SipSavy.Web.Tests", "SipSavy.Web.Tests\SipSavy.Web.Tests.csproj", "{3F9C7B5A-5345-4572-BAD8-ACC4416FC6E4}"
EndProject
Project("{FAE04EC0-301F-11D3-BF4B-00C04F79EFBC}") = "SipSavy.Core", "SipSavy.Core\SipSavy.Core.csproj", "{48212941-1637-4B6C-80B7-6DD73A47E519}"
EndProject
Project("{FAE04EC0-301F-11D3-BF4B-00C04F79EFBC}") = "SipSavy.Worker", "SipSavy.Worker\SipSavy.Worker.csproj", "{37A830A4-BAB8-42D8-B196-32C18F96844C}"
EndProject
Project("{FAE04EC0-301F-11D3-BF4B-00C04F79EFBC}") = "SipSavy.Worker.Tests", "SipSavy.Worker.Tests\SipSavy.Worker.Tests.csproj", "{C4D75989-10E6-4632-B008-3618C181947B}"
EndProject
Global
	GlobalSection(SolutionConfigurationPlatforms) = preSolution
		Debug|Any CPU = Debug|Any CPU
		Debug|x64 = Debug|x64
		Debug|x86 = Debug|x86
		Release|Any CPU = Release|Any CPU
		Release|x64 = Release|x64
		Release|x86 = Release|x86
	EndGlobalSection
	GlobalSection(ProjectConfigurationPlatforms) = postSolution
		{8690BA4D-3F9A-4B54-87B6-84CEFEF4ABBA}.Debug|Any CPU.ActiveCfg = Debug|Any CPU
		{8690BA4D-3F9A-4B54-87B6-84CEFEF4ABBA}.Debug|Any CPU.Build.0 = Debug|Any CPU
		{8690BA4D-3F9A-4B54-87B6-84CEFEF4ABBA}.Debug|x64.ActiveCfg = Debug|Any CPU
		{8690BA4D-3F9A-4B54-87B6-84CEFEF4ABBA}.Debug|x64.Build.0 = Debug|Any CPU
		{8690BA4D-3F9A-4B54-87B6-84CEFEF4ABBA}.Debug|x86.ActiveCfg = Debug|Any CPU
		{8690BA4D-3F9A-4B54-87B6-84CEFEF4ABBA}.Debug|x86.Build.0 = Debug|Any CPU
		{8690BA4D-3F9A-4B54-87B6-84CEFEF4ABBA}.Release|Any CPU.ActiveCfg = Release|Any CPU
		{8690BA4D-3F9A-4B54-87B6-84CEFEF4ABBA}.Release|Any CPU.Build.0 = Release|Any CPU
		{8690BA4D-3F9A-4B54-87B6-84CEFEF4ABBA}.Release|x64.ActiveCfg = Release|Any CPU
		{8690BA4D-3F9A-4B54-87B6-84CEFEF4ABBA}.Release|x64.Build.0 = Release|Any CPU
		{8690BA4D-3F9A-4B54-87B6-84CEFEF4ABBA}.Release|x86.ActiveCfg = Release|Any CPU
		{8690BA4D-3F9A-4B54-87B6-84CEFEF4ABBA}.Release|x86.Build.0 = Release|Any CPU
		{B203A13C-68A4-4837-8F59-10A991956DAC}.Debug|Any CPU.ActiveCfg = Debug|Any CPU
		{B203A13C-68A4-4837-8F59-10A991956DAC}.Debug|Any CPU.Build.0 = Debug|Any CPU
		{B203A13C-68A4-4837-8F59-10A991956DAC}.Debug|x64.ActiveCfg = Debug|Any CPU
		{B203A13C-68A4-4837-8F59-10A991956DAC}.Debug|x64.Build.0 = Debug|Any CPU
		{B203A13C-68A4-4837-8F59-10A991956DAC}.Debug|x86.ActiveCfg = Debug|Any CPU
		{B203A13C-68A4-4837-8F59-10A991956DAC}.Debug|x86.Build.0 = Debug|Any CPU
		{B203A13C-68A4-4837-8F59-10A991956DAC}.Release|Any CPU.ActiveCfg = Release|Any CPU
		{B203A13C-68A4-4837-8F59-10A991956DAC}.Release|Any CPU.Build.0 = Release|Any CPU
		{B203A13C-68A4-4837-8F59-10A991956DAC}.Release|x64.ActiveCfg = Release|Any CPU
		{B203A13C-68A4-4837-8F59-10A991956DAC}.Release|x64.Build.0 = Release|Any CPU
		{B203A13C-68A4-4837-8F59-10A991956DAC}.Release|x86.ActiveCfg = Release|Any CPU
		{B203A13C-68A4-4837-8F59-10A991956DAC}.Release|x86.Build.0 = Release|Any CPU
		{5246C59D-05A7-4F7D-9765-28F0BAE04D1E}.Debug|Any CPU.ActiveCfg = Debug|Any CPU
		{5246C59D-05A7-4F7D-9765-28F0BAE04D1E}.Debug|Any CPU.Build.0 = Debug|Any CPU
		{5246C59D-05A7-4F7D-9765-28F0BAE04D1E}.Debug|x64.ActiveCfg = Debug|Any CPU
		{5246C59D-05A7-4F7D-9765-28F0BAE04D1E}.Debug|x64.Build.0 = Debug|Any CPU
		{5246C59D-05A7-4F7D-9765-28F0BAE04D1E}.Debug|x86.ActiveCfg = Debug|Any CPU
		{5246C59D-05A7-4F7D-9765-28F0BAE04D1E}.Debug|x86.Build.0 = Debug|Any CPU
		{5246C59D-05A7-4F7D-9765-28F0BAE04D1E}.Release|Any CPU.ActiveCfg = Release|Any CPU
		{5246C59D-05A7-4F7D-9765-28F0BAE04D1E}.Release|Any CPU.Build.0 = Release|Any CPU
		{5246C59D-05A7-4F7D-9765-28F0BAE04D1E}.Release|x64.ActiveCfg = Release|Any CPU
		{5246C59D-05A7-4F7D-9765-28F0BAE04D1E}.Release|x64.Build.0 = Release|Any CPU
		{5246C59D-05A7-4F7D-9765-28F0BAE04D1E}.Release|x86.ActiveCfg = Release|Any CPU
		{5246C59D-05A7-4F7D-9765-28F0BAE04D1E}.Release|x86.Build.0 = Release|Any CPU
		{A3BA0DD8-7171-4387-94BD-101672E36C4D}.Debug|Any CPU.ActiveCfg = Debug|Any CPU
		{A3BA0DD8-7171-4387-94BD-101672E36C4D}.Debug|Any CPU.Build.0 = Debug|Any CPU
		{A3BA0DD8-7171-4387-94BD-101672E36C4D}.Debug|x64.ActiveCfg = Debug|Any CPU
		{A3BA0DD8-7171-4387-94BD-101672E36C4D}.Debug|x64.Build.0 = Debug|Any CPU
		{A3BA0DD8-7171-4387-94BD-101672E36C4D}.Debug|x86.ActiveCfg = Debug|Any CPU
		{A3BA0DD8-7171-4387-94BD-101672E36C4D}.Debug|x86.Build.0 = Debug|Any CPU
		{A3BA0DD8-7171-4387-94BD-101672E36C4D}.Release|Any CPU.ActiveCfg = Release|Any CPU
		{A3BA0DD8-7171-4387-94BD-101672E36C4D}.Release|Any CPU.Build.0 = Release|Any CPU
		{A3BA0DD8-7171-4387-94BD-101672E36C4D}.Release|x64.ActiveCfg = Release|Any CPU
		{A3BA0DD8-7171-4387-94BD-101672E36C4D}.Release|x64.Build.0 = Release|Any CPU
		{A3BA0DD8-7171-4387-94BD-101672E36C4D}.Release|x86.ActiveCfg = Release|Any CPU
		{A3BA0DD8-7171-4387-94BD-101672E36C4D}.Release|x86.Build.0 = Release|Any CPU
		{3F9C7B5A-5345-4572-BAD8-ACC4416FC6E4}.Debug|Any CPU.ActiveCfg = Debug|Any CPU
		{3F9C7B5A-5345-4572-BAD8-ACC4416FC6E4}.Debug|Any CPU.Build.0 = Debug|Any CPU
		{3F9C7B5A-5345-4572-BAD8-ACC4416FC6E4}.Debug|x64.ActiveCfg = Debug|Any CPU
		{3F9C7B5A-5345-4572-BAD8-ACC4416FC6E4}.Debug|x64.Build.0 = Debug|Any CPU
		{3F9C7B5A-5345-4572-BAD8-ACC4416FC6E4}.Debug|x86.ActiveCfg = Debug|Any CPU
		{3F9C7B5A-5345-4572-BAD8-ACC4416FC6E4}.Debug|x86.Build.0 = Debug|Any CPU
		{3F9C7B5A-5345-4572-BAD8-ACC4416FC6E4}.Release|Any CPU.ActiveCfg = Release|Any CPU
		{3F9C7B5A-5345-4572-BAD8-ACC4416FC6E4}.Release|Any CPU.Build.0 = Release|Any CPU
		{3F9C7B5A-5345-4572-BAD8-ACC4416FC6E4}.Release|x64.ActiveCfg = Release|Any CPU
		{3F9C7B5A-5345-4572-BAD8-ACC4416FC6E4}.Release|x64.Build.0 = Release|Any CPU
		{3F9C7B5A-5345-4572-BAD8-ACC4416FC6E4}.Release|x86.ActiveCfg = Release|Any CPU
		{3F9C7B5A-5345-4572-BAD8-ACC4416FC6E4}.Release|x86.Build.0 = Release|Any CPU
		{48212941-1637-4B6C-80B7-6DD73A47E519}.Debug|Any CPU.ActiveCfg = Debug|Any CPU
		{48212941-1637-4B6C-80B7-6DD73A47E519}.Debug|Any CPU.Build.0 = Debug|Any CPU
		{48212941-1637-4B6C-80B7-6DD73A47E519}.Debug|x64.ActiveCfg = Debug|Any CPU
		{48212941-1637-4B6C-80B7-6DD73A47E519}.Debug|x64.Build.0 = Debug|Any CPU
		{48212941-1637-4B6C-80B7-6DD73A47E519}.Debug|x86.ActiveCfg = Debug|Any CPU
		{48212941-1637-4B6C-80B7-6DD73A47E519}.Debug|x86.Build.0 = Debug|Any CPU
		{48212941-1637-4B6C-80B7-6DD73A47E519}.Release|Any CPU.ActiveCfg = Release|Any CPU
		{48212941-1637-4B6C-80B7-6DD73A47E519}.Release|Any CPU.Build.0 = Release|Any CPU
		{48212941-1637-4B6C-80B7-6DD73A47E519}.Release|x64.ActiveCfg = Release|Any CPU
		{48212941-1637-4B6C-80B7-6DD73A47E519}.Release|x64.Build.0 = Release|Any CPU
		{48212941-1637-4B6C-80B7-6DD73A47E519}.Release|x86.ActiveCfg = Release|Any CPU
		{48212941-1637-4B6C-80B7-6DD73A47E519}.Release|x86.Build.0 = Release|Any CPU
		{37A830A4-BAB8-42D8-B196-32C18F96844C}.Debug|Any CPU.ActiveCfg = Debug|Any CPU
		{37A830A4-BAB8-42D8-B196-32C18F96844C}.Debug|Any CPU.Build.0 = Debug|Any CPU
		{37A830A4-BAB8-42D8-B196-32C18F96844C}.Debug|x64.ActiveCfg = Debug|Any CPU
		{37A830A4-BAB8-42D8-B196-32C18F96844C}.Debug|x64.Build.0 = Debug|Any CPU
		{37A830A4-BAB8-42D8-B196-32C18F96844C}.Debug|x86.ActiveCfg = Debug|Any CPU
		{37A830A4-BAB8-42D8-B196-32C18F96844C}.Debug|x86.Build.0 = Debug|Any CPU
		{37A830A4-BAB8-42D8-B196-32C18F96844C}.Release|Any CPU.ActiveCfg = Release|Any CPU
		{37A830A4-BAB8-42D8-B196-32C18F96844C}.Release|Any CPU.Build.0 = Release|Any CPU
		{37A830A4-BAB8-42D8-B196-32C18F96844C}.Release|x64.ActiveCfg = Release|Any CPU
		{37A830A4-BAB8-42D8-B196-32C18F96844C}.Release|x64.Build.0 = Release|Any CPU
		{37A830A4-BAB8-42D8-B196-32C18F96844C}.Release|x86.ActiveCfg = Release|Any CPU
		{37A830A4-BAB8-42D8-B196-32C18F96844C}.Release|x86.Build.0 = Release|Any CPU
		{C4D75989-10E6-4632-B008-3618C181947B}.Debug|Any CPU.ActiveCfg = Debug|Any CPU
		{C4D75989-10E6-4632-B008-3618C181947B}.Debug|Any CPU.Build.0 = Debug|Any CPU
		{C4D75989-10E6-4632-B008-3618C181947B}.Debug|x64.ActiveCfg = Debug|Any CPU
		{C4D75989-10E6-4632-B008-3618C181947B}.Debug|x64.Build.0 = Debug|Any CPU
		{C4D75989-10E6-4632-B008-3618C181947B}.Debug|x86.ActiveCfg = Debug|Any CPU
		{C4D75989-10E6-4632-B008-3618C181947B}.Debug|x86.Build.0 = Debug|Any CPU
		{C4D75989-10E6-4632-B008-3618C181947B}.Release|Any CPU.ActiveCfg = Release|Any CPU
		{C4D75989-10E6-4632-B008-3618C181947B}.Release|Any CPU.Build.0 = Release|Any CPU
		{C4D75989-10E6-4632-B008-3618C181947B}.Release|x64.ActiveCfg = Release|Any CPU
		{C4D75989-10E6-4632-B008-3618C181947B}.Release|x64.Build.0 = Release|Any CPU
		{C4D75989-10E6-4632-B008-3618C181947B}.Release|x86.ActiveCfg = Release|Any CPU
		{C4D75989-10E6-4632-B008-3618C181947B}.Release|x86.Build.0 = Release|Any CPU
	EndGlobalSection
	GlobalSection(SolutionProperties) = preSolution
		HideSolutionNode = FALSE
	EndGlobalSection
	GlobalSection(NestedProjects) = preSolution
		{B203A13C-68A4-4837-8F59-10A991956DAC} = {31C08712-22C9-4C8A-A93A-B0BDBF883D23}
		{5246C59D-05A7-4F7D-9765-28F0BAE04D1E} = {31C08712-22C9-4C8A-A93A-B0BDBF883D23}
	EndGlobalSection
EndGlobal
